
Microsoft Visual Studio Solution File, Format Version 12.00
# Visual Studio 14
VisualStudioVersion = 14.0.23107.0
MinimumVisualStudioVersion = 10.0.40219.1
Project("{FAE04EC0-301F-11D3-BF4B-00C04F79EFBC}") = "FrazzApps.Xamarin.GestureMonitor", "GestureMonitor\FrazzApps.Xamarin.GestureMonitor\FrazzApps.Xamarin.GestureMonitor.csproj", "{14C534B6-1984-41A9-A384-D3A5508588E3}"
EndProject
Project("{FAE04EC0-301F-11D3-BF4B-00C04F79EFBC}") = "FrazzApps.Xamarin.GestureMonitor.iOS", "GestureMonitor\FrazzApps.Xamarin.GestureMonitor.iOS\FrazzApps.Xamarin.GestureMonitor.iOS.csproj", "{1A6DE14E-FC37-4F47-A267-83139882502C}"
EndProject
Project("{FAE04EC0-301F-11D3-BF4B-00C04F79EFBC}") = "FrazzApps.Xamarin.GestureMonitor.iOSUnified", "GestureMonitor\FrazzApps.Xamarin.GestureMonitor.iOSUnified\FrazzApps.Xamarin.GestureMonitor.iOSUnified.csproj", "{211E9AE8-1DC2-481F-B1D1-21BD1501FD4D}"
EndProject
Project("{FAE04EC0-301F-11D3-BF4B-00C04F79EFBC}") = "FrazzApps.Xamarin.GestureMonitor.Android", "GestureMonitor\FrazzApps.Xamarin.GestureMonitor.Android\FrazzApps.Xamarin.GestureMonitor.Android.csproj", "{78750A2F-CF66-44FF-AE2F-B91C50447E79}"
EndProject
Project("{FAE04EC0-301F-11D3-BF4B-00C04F79EFBC}") = "FrazzApps.Xamarin.GestureMonitor.WinPhone", "GestureMonitor\FrazzApps.Xamarin.GestureMonitor.WinPhone\FrazzApps.Xamarin.GestureMonitor.WinPhone.csproj", "{7823C83A-87A9-46E2-B2DB-068EB90F6C1A}"
EndProject
Project("{2150E333-8FDC-42A3-9474-1A3956D46DE8}") = "Platforms", "Platforms", "{649796DA-69A6-4B27-AE2A-B08C991F081D}"
EndProject
Project("{FAE04EC0-301F-11D3-BF4B-00C04F79EFBC}") = "FrazzApps.Xamarin.GestureMonitor.WinU", "GestureMonitor\FrazzApps.Xamarin.GestureMonitor.WinU\FrazzApps.Xamarin.GestureMonitor.WinU.csproj", "{E5ADD0FD-8EA6-4E22-9655-A006BFC5E933}"
EndProject
Global
	GlobalSection(SolutionConfigurationPlatforms) = preSolution
		Debug|Any CPU = Debug|Any CPU
		Debug|ARM = Debug|ARM
		Debug|x64 = Debug|x64
		Debug|x86 = Debug|x86
		Release|Any CPU = Release|Any CPU
		Release|ARM = Release|ARM
		Release|x64 = Release|x64
		Release|x86 = Release|x86
	EndGlobalSection
	GlobalSection(ProjectConfigurationPlatforms) = postSolution
		{14C534B6-1984-41A9-A384-D3A5508588E3}.Debug|Any CPU.ActiveCfg = Debug|Any CPU
		{14C534B6-1984-41A9-A384-D3A5508588E3}.Debug|Any CPU.Build.0 = Debug|Any CPU
		{14C534B6-1984-41A9-A384-D3A5508588E3}.Debug|ARM.ActiveCfg = Debug|Any CPU
		{14C534B6-1984-41A9-A384-D3A5508588E3}.Debug|x64.ActiveCfg = Debug|Any CPU
		{14C534B6-1984-41A9-A384-D3A5508588E3}.Debug|x64.Build.0 = Debug|Any CPU
		{14C534B6-1984-41A9-A384-D3A5508588E3}.Debug|x86.ActiveCfg = Debug|Any CPU
		{14C534B6-1984-41A9-A384-D3A5508588E3}.Release|Any CPU.ActiveCfg = Release|Any CPU
		{14C534B6-1984-41A9-A384-D3A5508588E3}.Release|Any CPU.Build.0 = Release|Any CPU
		{14C534B6-1984-41A9-A384-D3A5508588E3}.Release|ARM.ActiveCfg = Release|Any CPU
		{14C534B6-1984-41A9-A384-D3A5508588E3}.Release|x64.ActiveCfg = Release|Any CPU
		{14C534B6-1984-41A9-A384-D3A5508588E3}.Release|x64.Build.0 = Release|Any CPU
		{14C534B6-1984-41A9-A384-D3A5508588E3}.Release|x86.ActiveCfg = Release|Any CPU
		{1A6DE14E-FC37-4F47-A267-83139882502C}.Debug|Any CPU.ActiveCfg = Debug|Any CPU
		{1A6DE14E-FC37-4F47-A267-83139882502C}.Debug|Any CPU.Build.0 = Debug|Any CPU
		{1A6DE14E-FC37-4F47-A267-83139882502C}.Debug|ARM.ActiveCfg = Debug|Any CPU
		{1A6DE14E-FC37-4F47-A267-83139882502C}.Debug|x64.ActiveCfg = Debug|Any CPU
		{1A6DE14E-FC37-4F47-A267-83139882502C}.Debug|x64.Build.0 = Debug|Any CPU
		{1A6DE14E-FC37-4F47-A267-83139882502C}.Debug|x86.ActiveCfg = Debug|Any CPU
		{1A6DE14E-FC37-4F47-A267-83139882502C}.Release|Any CPU.ActiveCfg = Release|Any CPU
		{1A6DE14E-FC37-4F47-A267-83139882502C}.Release|Any CPU.Build.0 = Release|Any CPU
		{1A6DE14E-FC37-4F47-A267-83139882502C}.Release|ARM.ActiveCfg = Release|Any CPU
		{1A6DE14E-FC37-4F47-A267-83139882502C}.Release|x64.ActiveCfg = Release|Any CPU
		{1A6DE14E-FC37-4F47-A267-83139882502C}.Release|x64.Build.0 = Release|Any CPU
		{1A6DE14E-FC37-4F47-A267-83139882502C}.Release|x86.ActiveCfg = Release|Any CPU
		{211E9AE8-1DC2-481F-B1D1-21BD1501FD4D}.Debug|Any CPU.ActiveCfg = Debug|Any CPU
		{211E9AE8-1DC2-481F-B1D1-21BD1501FD4D}.Debug|Any CPU.Build.0 = Debug|Any CPU
		{211E9AE8-1DC2-481F-B1D1-21BD1501FD4D}.Debug|ARM.ActiveCfg = Debug|Any CPU
		{211E9AE8-1DC2-481F-B1D1-21BD1501FD4D}.Debug|x64.ActiveCfg = Debug|Any CPU
		{211E9AE8-1DC2-481F-B1D1-21BD1501FD4D}.Debug|x64.Build.0 = Debug|Any CPU
		{211E9AE8-1DC2-481F-B1D1-21BD1501FD4D}.Debug|x86.ActiveCfg = Debug|Any CPU
		{211E9AE8-1DC2-481F-B1D1-21BD1501FD4D}.Release|Any CPU.ActiveCfg = Release|Any CPU
		{211E9AE8-1DC2-481F-B1D1-21BD1501FD4D}.Release|Any CPU.Build.0 = Release|Any CPU
		{211E9AE8-1DC2-481F-B1D1-21BD1501FD4D}.Release|ARM.ActiveCfg = Release|Any CPU
		{211E9AE8-1DC2-481F-B1D1-21BD1501FD4D}.Release|x64.ActiveCfg = Release|Any CPU
		{211E9AE8-1DC2-481F-B1D1-21BD1501FD4D}.Release|x64.Build.0 = Release|Any CPU
		{211E9AE8-1DC2-481F-B1D1-21BD1501FD4D}.Release|x86.ActiveCfg = Release|Any CPU
		{78750A2F-CF66-44FF-AE2F-B91C50447E79}.Debug|Any CPU.ActiveCfg = Debug|Any CPU
		{78750A2F-CF66-44FF-AE2F-B91C50447E79}.Debug|Any CPU.Build.0 = Debug|Any CPU
		{78750A2F-CF66-44FF-AE2F-B91C50447E79}.Debug|ARM.ActiveCfg = Debug|Any CPU
		{78750A2F-CF66-44FF-AE2F-B91C50447E79}.Debug|x64.ActiveCfg = Debug|Any CPU
		{78750A2F-CF66-44FF-AE2F-B91C50447E79}.Debug|x64.Build.0 = Debug|Any CPU
		{78750A2F-CF66-44FF-AE2F-B91C50447E79}.Debug|x86.ActiveCfg = Debug|Any CPU
		{78750A2F-CF66-44FF-AE2F-B91C50447E79}.Release|Any CPU.ActiveCfg = Release|Any CPU
		{78750A2F-CF66-44FF-AE2F-B91C50447E79}.Release|Any CPU.Build.0 = Release|Any CPU
		{78750A2F-CF66-44FF-AE2F-B91C50447E79}.Release|ARM.ActiveCfg = Release|Any CPU
		{78750A2F-CF66-44FF-AE2F-B91C50447E79}.Release|x64.ActiveCfg = Release|Any CPU
		{78750A2F-CF66-44FF-AE2F-B91C50447E79}.Release|x64.Build.0 = Release|Any CPU
		{78750A2F-CF66-44FF-AE2F-B91C50447E79}.Release|x86.ActiveCfg = Release|Any CPU
		{7823C83A-87A9-46E2-B2DB-068EB90F6C1A}.Debug|Any CPU.ActiveCfg = Debug|Any CPU
		{7823C83A-87A9-46E2-B2DB-068EB90F6C1A}.Debug|Any CPU.Build.0 = Debug|Any CPU
		{7823C83A-87A9-46E2-B2DB-068EB90F6C1A}.Debug|ARM.ActiveCfg = Debug|ARM
		{7823C83A-87A9-46E2-B2DB-068EB90F6C1A}.Debug|ARM.Build.0 = Debug|ARM
		{7823C83A-87A9-46E2-B2DB-068EB90F6C1A}.Debug|x64.ActiveCfg = Debug|Any CPU
		{7823C83A-87A9-46E2-B2DB-068EB90F6C1A}.Debug|x64.Build.0 = Debug|Any CPU
		{7823C83A-87A9-46E2-B2DB-068EB90F6C1A}.Debug|x86.ActiveCfg = Debug|x86
		{7823C83A-87A9-46E2-B2DB-068EB90F6C1A}.Debug|x86.Build.0 = Debug|x86
		{7823C83A-87A9-46E2-B2DB-068EB90F6C1A}.Release|Any CPU.ActiveCfg = Release|Any CPU
		{7823C83A-87A9-46E2-B2DB-068EB90F6C1A}.Release|Any CPU.Build.0 = Release|Any CPU
		{7823C83A-87A9-46E2-B2DB-068EB90F6C1A}.Release|ARM.ActiveCfg = Release|ARM
		{7823C83A-87A9-46E2-B2DB-068EB90F6C1A}.Release|ARM.Build.0 = Release|ARM
		{7823C83A-87A9-46E2-B2DB-068EB90F6C1A}.Release|x64.ActiveCfg = Release|Any CPU
		{7823C83A-87A9-46E2-B2DB-068EB90F6C1A}.Release|x64.Build.0 = Release|Any CPU
		{7823C83A-87A9-46E2-B2DB-068EB90F6C1A}.Release|x86.ActiveCfg = Release|x86
		{7823C83A-87A9-46E2-B2DB-068EB90F6C1A}.Release|x86.Build.0 = Release|x86
		{E5ADD0FD-8EA6-4E22-9655-A006BFC5E933}.Debug|Any CPU.ActiveCfg = Debug|Any CPU
		{E5ADD0FD-8EA6-4E22-9655-A006BFC5E933}.Debug|Any CPU.Build.0 = Debug|Any CPU
		{E5ADD0FD-8EA6-4E22-9655-A006BFC5E933}.Debug|ARM.ActiveCfg = Debug|ARM
		{E5ADD0FD-8EA6-4E22-9655-A006BFC5E933}.Debug|ARM.Build.0 = Debug|ARM
		{E5ADD0FD-8EA6-4E22-9655-A006BFC5E933}.Debug|x64.ActiveCfg = Debug|x64
		{E5ADD0FD-8EA6-4E22-9655-A006BFC5E933}.Debug|x64.Build.0 = Debug|x64
		{E5ADD0FD-8EA6-4E22-9655-A006BFC5E933}.Debug|x86.ActiveCfg = Debug|x86
		{E5ADD0FD-8EA6-4E22-9655-A006BFC5E933}.Debug|x86.Build.0 = Debug|x86
		{E5ADD0FD-8EA6-4E22-9655-A006BFC5E933}.Release|Any CPU.ActiveCfg = Release|Any CPU
		{E5ADD0FD-8EA6-4E22-9655-A006BFC5E933}.Release|Any CPU.Build.0 = Release|Any CPU
		{E5ADD0FD-8EA6-4E22-9655-A006BFC5E933}.Release|ARM.ActiveCfg = Release|ARM
		{E5ADD0FD-8EA6-4E22-9655-A006BFC5E933}.Release|ARM.Build.0 = Release|ARM
		{E5ADD0FD-8EA6-4E22-9655-A006BFC5E933}.Release|x64.ActiveCfg = Release|x64
		{E5ADD0FD-8EA6-4E22-9655-A006BFC5E933}.Release|x64.Build.0 = Release|x64
		{E5ADD0FD-8EA6-4E22-9655-A006BFC5E933}.Release|x86.ActiveCfg = Release|x86
		{E5ADD0FD-8EA6-4E22-9655-A006BFC5E933}.Release|x86.Build.0 = Release|x86
	EndGlobalSection
	GlobalSection(SolutionProperties) = preSolution
		HideSolutionNode = FALSE
	EndGlobalSection
	GlobalSection(NestedProjects) = preSolution
		{1A6DE14E-FC37-4F47-A267-83139882502C} = {649796DA-69A6-4B27-AE2A-B08C991F081D}
		{211E9AE8-1DC2-481F-B1D1-21BD1501FD4D} = {649796DA-69A6-4B27-AE2A-B08C991F081D}
		{78750A2F-CF66-44FF-AE2F-B91C50447E79} = {649796DA-69A6-4B27-AE2A-B08C991F081D}
		{7823C83A-87A9-46E2-B2DB-068EB90F6C1A} = {649796DA-69A6-4B27-AE2A-B08C991F081D}
		{E5ADD0FD-8EA6-4E22-9655-A006BFC5E933} = {649796DA-69A6-4B27-AE2A-B08C991F081D}
	EndGlobalSection
EndGlobal
