
Microsoft Visual Studio Solution File, Format Version 12.00
# Visual Studio 14
VisualStudioVersion = 14.0.23107.0
MinimumVisualStudioVersion = 10.0.40219.1
Project("{FAE04EC0-301F-11D3-BF4B-00C04F79EFBC}") = "FrazzApps.Xamarin.NetworkInspector", "FrazzApps.Xamarin.NetworkInspector\FrazzApps.Xamarin.NetworkInspector.csproj", "{5B44FEC6-2744-41CC-AEDC-5BB276069FB7}"
EndProject
Project("{2150E333-8FDC-42A3-9474-1A3956D46DE8}") = "Platforms", "Platforms", "{7E196A33-84D3-44B7-8582-26B3CADE74CD}"
EndProject
Project("{FAE04EC0-301F-11D3-BF4B-00C04F79EFBC}") = "FrazzApps.Xamarin.NetworkInspector.Android", "FrazzApps.Xamarin.NetworkInspector.Android\FrazzApps.Xamarin.NetworkInspector.Android.csproj", "{B4D74257-FB1B-4BE3-8705-185ACC087FD2}"
EndProject
Project("{FAE04EC0-301F-11D3-BF4B-00C04F79EFBC}") = "FrazzApps.Xamarin.NetworkInspector.iOS", "FrazzApps.Xamarin.NetworkInspector.iOS\FrazzApps.Xamarin.NetworkInspector.iOS.csproj", "{6B3880AF-3D60-4284-AD11-6B21B6378C9E}"
EndProject
Project("{FAE04EC0-301F-11D3-BF4B-00C04F79EFBC}") = "FrazzApps.Xamarin.NetworkInspector.iOSUnified", "FrazzApps.Xamarin.NetworkInspector.iOSUnified\FrazzApps.Xamarin.NetworkInspector.iOSUnified.csproj", "{CB600371-508F-41CE-B1BB-B42B1288B38F}"
EndProject
Project("{FAE04EC0-301F-11D3-BF4B-00C04F79EFBC}") = "FrazzApps.Xamarin.NetworkInspector.WinPhone", "FrazzApps.Xamarin.NetworkInspector.WinPhone\FrazzApps.Xamarin.NetworkInspector.WinPhone.csproj", "{F44D3830-FC38-4244-99A3-D0264579D6EB}"
EndProject
Project("{FAE04EC0-301F-11D3-BF4B-00C04F79EFBC}") = "FrazzApps.Xamarin.NetworkInspector.WinU", "FrazzApps.Xamarin.NetworkInspector.WinU\FrazzApps.Xamarin.NetworkInspector.WinU.csproj", "{263A354D-AE8A-4350-B06E-972AF1F0D866}"
EndProject
Global
	GlobalSection(SolutionConfigurationPlatforms) = preSolution
		Debug|Any CPU = Debug|Any CPU
		Debug|ARM = Debug|ARM
		Debug|x64 = Debug|x64
		Debug|x86 = Debug|x86
		Release|Any CPU = Release|Any CPU
		Release|ARM = Release|ARM
		Release|x64 = Release|x64
		Release|x86 = Release|x86
	EndGlobalSection
	GlobalSection(ProjectConfigurationPlatforms) = postSolution
		{5B44FEC6-2744-41CC-AEDC-5BB276069FB7}.Debug|Any CPU.ActiveCfg = Debug|Any CPU
		{5B44FEC6-2744-41CC-AEDC-5BB276069FB7}.Debug|Any CPU.Build.0 = Debug|Any CPU
		{5B44FEC6-2744-41CC-AEDC-5BB276069FB7}.Debug|ARM.ActiveCfg = Debug|Any CPU
		{5B44FEC6-2744-41CC-AEDC-5BB276069FB7}.Debug|ARM.Build.0 = Debug|Any CPU
		{5B44FEC6-2744-41CC-AEDC-5BB276069FB7}.Debug|x64.ActiveCfg = Debug|Any CPU
		{5B44FEC6-2744-41CC-AEDC-5BB276069FB7}.Debug|x64.Build.0 = Debug|Any CPU
		{5B44FEC6-2744-41CC-AEDC-5BB276069FB7}.Debug|x86.ActiveCfg = Debug|Any CPU
		{5B44FEC6-2744-41CC-AEDC-5BB276069FB7}.Debug|x86.Build.0 = Debug|Any CPU
		{5B44FEC6-2744-41CC-AEDC-5BB276069FB7}.Release|Any CPU.ActiveCfg = Release|Any CPU
		{5B44FEC6-2744-41CC-AEDC-5BB276069FB7}.Release|Any CPU.Build.0 = Release|Any CPU
		{5B44FEC6-2744-41CC-AEDC-5BB276069FB7}.Release|ARM.ActiveCfg = Release|Any CPU
		{5B44FEC6-2744-41CC-AEDC-5BB276069FB7}.Release|ARM.Build.0 = Release|Any CPU
		{5B44FEC6-2744-41CC-AEDC-5BB276069FB7}.Release|x64.ActiveCfg = Release|Any CPU
		{5B44FEC6-2744-41CC-AEDC-5BB276069FB7}.Release|x64.Build.0 = Release|Any CPU
		{5B44FEC6-2744-41CC-AEDC-5BB276069FB7}.Release|x86.ActiveCfg = Release|Any CPU
		{5B44FEC6-2744-41CC-AEDC-5BB276069FB7}.Release|x86.Build.0 = Release|Any CPU
		{B4D74257-FB1B-4BE3-8705-185ACC087FD2}.Debug|Any CPU.ActiveCfg = Debug|Any CPU
		{B4D74257-FB1B-4BE3-8705-185ACC087FD2}.Debug|Any CPU.Build.0 = Debug|Any CPU
		{B4D74257-FB1B-4BE3-8705-185ACC087FD2}.Debug|ARM.ActiveCfg = Debug|Any CPU
		{B4D74257-FB1B-4BE3-8705-185ACC087FD2}.Debug|ARM.Build.0 = Debug|Any CPU
		{B4D74257-FB1B-4BE3-8705-185ACC087FD2}.Debug|x64.ActiveCfg = Debug|Any CPU
		{B4D74257-FB1B-4BE3-8705-185ACC087FD2}.Debug|x64.Build.0 = Debug|Any CPU
		{B4D74257-FB1B-4BE3-8705-185ACC087FD2}.Debug|x86.ActiveCfg = Debug|Any CPU
		{B4D74257-FB1B-4BE3-8705-185ACC087FD2}.Debug|x86.Build.0 = Debug|Any CPU
		{B4D74257-FB1B-4BE3-8705-185ACC087FD2}.Release|Any CPU.ActiveCfg = Release|Any CPU
		{B4D74257-FB1B-4BE3-8705-185ACC087FD2}.Release|Any CPU.Build.0 = Release|Any CPU
		{B4D74257-FB1B-4BE3-8705-185ACC087FD2}.Release|ARM.ActiveCfg = Release|Any CPU
		{B4D74257-FB1B-4BE3-8705-185ACC087FD2}.Release|ARM.Build.0 = Release|Any CPU
		{B4D74257-FB1B-4BE3-8705-185ACC087FD2}.Release|x64.ActiveCfg = Release|Any CPU
		{B4D74257-FB1B-4BE3-8705-185ACC087FD2}.Release|x64.Build.0 = Release|Any CPU
		{B4D74257-FB1B-4BE3-8705-185ACC087FD2}.Release|x86.ActiveCfg = Release|Any CPU
		{B4D74257-FB1B-4BE3-8705-185ACC087FD2}.Release|x86.Build.0 = Release|Any CPU
		{6B3880AF-3D60-4284-AD11-6B21B6378C9E}.Debug|Any CPU.ActiveCfg = Debug|Any CPU
		{6B3880AF-3D60-4284-AD11-6B21B6378C9E}.Debug|Any CPU.Build.0 = Debug|Any CPU
		{6B3880AF-3D60-4284-AD11-6B21B6378C9E}.Debug|ARM.ActiveCfg = Debug|Any CPU
		{6B3880AF-3D60-4284-AD11-6B21B6378C9E}.Debug|ARM.Build.0 = Debug|Any CPU
		{6B3880AF-3D60-4284-AD11-6B21B6378C9E}.Debug|x64.ActiveCfg = Debug|Any CPU
		{6B3880AF-3D60-4284-AD11-6B21B6378C9E}.Debug|x64.Build.0 = Debug|Any CPU
		{6B3880AF-3D60-4284-AD11-6B21B6378C9E}.Debug|x86.ActiveCfg = Debug|Any CPU
		{6B3880AF-3D60-4284-AD11-6B21B6378C9E}.Debug|x86.Build.0 = Debug|Any CPU
		{6B3880AF-3D60-4284-AD11-6B21B6378C9E}.Release|Any CPU.ActiveCfg = Release|Any CPU
		{6B3880AF-3D60-4284-AD11-6B21B6378C9E}.Release|Any CPU.Build.0 = Release|Any CPU
		{6B3880AF-3D60-4284-AD11-6B21B6378C9E}.Release|ARM.ActiveCfg = Release|Any CPU
		{6B3880AF-3D60-4284-AD11-6B21B6378C9E}.Release|ARM.Build.0 = Release|Any CPU
		{6B3880AF-3D60-4284-AD11-6B21B6378C9E}.Release|x64.ActiveCfg = Release|Any CPU
		{6B3880AF-3D60-4284-AD11-6B21B6378C9E}.Release|x64.Build.0 = Release|Any CPU
		{6B3880AF-3D60-4284-AD11-6B21B6378C9E}.Release|x86.ActiveCfg = Release|Any CPU
		{6B3880AF-3D60-4284-AD11-6B21B6378C9E}.Release|x86.Build.0 = Release|Any CPU
		{CB600371-508F-41CE-B1BB-B42B1288B38F}.Debug|Any CPU.ActiveCfg = Debug|Any CPU
		{CB600371-508F-41CE-B1BB-B42B1288B38F}.Debug|Any CPU.Build.0 = Debug|Any CPU
		{CB600371-508F-41CE-B1BB-B42B1288B38F}.Debug|ARM.ActiveCfg = Debug|Any CPU
		{CB600371-508F-41CE-B1BB-B42B1288B38F}.Debug|ARM.Build.0 = Debug|Any CPU
		{CB600371-508F-41CE-B1BB-B42B1288B38F}.Debug|x64.ActiveCfg = Debug|Any CPU
		{CB600371-508F-41CE-B1BB-B42B1288B38F}.Debug|x64.Build.0 = Debug|Any CPU
		{CB600371-508F-41CE-B1BB-B42B1288B38F}.Debug|x86.ActiveCfg = Debug|Any CPU
		{CB600371-508F-41CE-B1BB-B42B1288B38F}.Debug|x86.Build.0 = Debug|Any CPU
		{CB600371-508F-41CE-B1BB-B42B1288B38F}.Release|Any CPU.ActiveCfg = Release|Any CPU
		{CB600371-508F-41CE-B1BB-B42B1288B38F}.Release|Any CPU.Build.0 = Release|Any CPU
		{CB600371-508F-41CE-B1BB-B42B1288B38F}.Release|ARM.ActiveCfg = Release|Any CPU
		{CB600371-508F-41CE-B1BB-B42B1288B38F}.Release|ARM.Build.0 = Release|Any CPU
		{CB600371-508F-41CE-B1BB-B42B1288B38F}.Release|x64.ActiveCfg = Release|Any CPU
		{CB600371-508F-41CE-B1BB-B42B1288B38F}.Release|x64.Build.0 = Release|Any CPU
		{CB600371-508F-41CE-B1BB-B42B1288B38F}.Release|x86.ActiveCfg = Release|Any CPU
		{CB600371-508F-41CE-B1BB-B42B1288B38F}.Release|x86.Build.0 = Release|Any CPU
		{F44D3830-FC38-4244-99A3-D0264579D6EB}.Debug|Any CPU.ActiveCfg = Debug|Any CPU
		{F44D3830-FC38-4244-99A3-D0264579D6EB}.Debug|Any CPU.Build.0 = Debug|Any CPU
		{F44D3830-FC38-4244-99A3-D0264579D6EB}.Debug|ARM.ActiveCfg = Debug|ARM
		{F44D3830-FC38-4244-99A3-D0264579D6EB}.Debug|ARM.Build.0 = Debug|ARM
		{F44D3830-FC38-4244-99A3-D0264579D6EB}.Debug|x64.ActiveCfg = Debug|Any CPU
		{F44D3830-FC38-4244-99A3-D0264579D6EB}.Debug|x64.Build.0 = Debug|Any CPU
		{F44D3830-FC38-4244-99A3-D0264579D6EB}.Debug|x86.ActiveCfg = Debug|x86
		{F44D3830-FC38-4244-99A3-D0264579D6EB}.Debug|x86.Build.0 = Debug|x86
		{F44D3830-FC38-4244-99A3-D0264579D6EB}.Release|Any CPU.ActiveCfg = Release|Any CPU
		{F44D3830-FC38-4244-99A3-D0264579D6EB}.Release|Any CPU.Build.0 = Release|Any CPU
		{F44D3830-FC38-4244-99A3-D0264579D6EB}.Release|ARM.ActiveCfg = Release|ARM
		{F44D3830-FC38-4244-99A3-D0264579D6EB}.Release|ARM.Build.0 = Release|ARM
		{F44D3830-FC38-4244-99A3-D0264579D6EB}.Release|x64.ActiveCfg = Release|Any CPU
		{F44D3830-FC38-4244-99A3-D0264579D6EB}.Release|x64.Build.0 = Release|Any CPU
		{F44D3830-FC38-4244-99A3-D0264579D6EB}.Release|x86.ActiveCfg = Release|x86
		{F44D3830-FC38-4244-99A3-D0264579D6EB}.Release|x86.Build.0 = Release|x86
		{263A354D-AE8A-4350-B06E-972AF1F0D866}.Debug|Any CPU.ActiveCfg = Debug|Any CPU
		{263A354D-AE8A-4350-B06E-972AF1F0D866}.Debug|Any CPU.Build.0 = Debug|Any CPU
		{263A354D-AE8A-4350-B06E-972AF1F0D866}.Debug|ARM.ActiveCfg = Debug|ARM
		{263A354D-AE8A-4350-B06E-972AF1F0D866}.Debug|ARM.Build.0 = Debug|ARM
		{263A354D-AE8A-4350-B06E-972AF1F0D866}.Debug|x64.ActiveCfg = Debug|x64
		{263A354D-AE8A-4350-B06E-972AF1F0D866}.Debug|x64.Build.0 = Debug|x64
		{263A354D-AE8A-4350-B06E-972AF1F0D866}.Debug|x86.ActiveCfg = Debug|x86
		{263A354D-AE8A-4350-B06E-972AF1F0D866}.Debug|x86.Build.0 = Debug|x86
		{263A354D-AE8A-4350-B06E-972AF1F0D866}.Release|Any CPU.ActiveCfg = Release|Any CPU
		{263A354D-AE8A-4350-B06E-972AF1F0D866}.Release|Any CPU.Build.0 = Release|Any CPU
		{263A354D-AE8A-4350-B06E-972AF1F0D866}.Release|ARM.ActiveCfg = Release|ARM
		{263A354D-AE8A-4350-B06E-972AF1F0D866}.Release|ARM.Build.0 = Release|ARM
		{263A354D-AE8A-4350-B06E-972AF1F0D866}.Release|x64.ActiveCfg = Release|x64
		{263A354D-AE8A-4350-B06E-972AF1F0D866}.Release|x64.Build.0 = Release|x64
		{263A354D-AE8A-4350-B06E-972AF1F0D866}.Release|x86.ActiveCfg = Release|x86
		{263A354D-AE8A-4350-B06E-972AF1F0D866}.Release|x86.Build.0 = Release|x86
	EndGlobalSection
	GlobalSection(SolutionProperties) = preSolution
		HideSolutionNode = FALSE
	EndGlobalSection
	GlobalSection(NestedProjects) = preSolution
		{B4D74257-FB1B-4BE3-8705-185ACC087FD2} = {7E196A33-84D3-44B7-8582-26B3CADE74CD}
		{6B3880AF-3D60-4284-AD11-6B21B6378C9E} = {7E196A33-84D3-44B7-8582-26B3CADE74CD}
		{CB600371-508F-41CE-B1BB-B42B1288B38F} = {7E196A33-84D3-44B7-8582-26B3CADE74CD}
		{F44D3830-FC38-4244-99A3-D0264579D6EB} = {7E196A33-84D3-44B7-8582-26B3CADE74CD}
		{263A354D-AE8A-4350-B06E-972AF1F0D866} = {7E196A33-84D3-44B7-8582-26B3CADE74CD}
	EndGlobalSection
EndGlobal
